
Microsoft Visual Studio Solution File, Format Version 12.00
# Visual Studio 15
VisualStudioVersion = 15.0.27703.2018
MinimumVisualStudioVersion = 10.0.40219.1
Project("{FAE04EC0-301F-11D3-BF4B-00C04F79EFBC}") = "sphere cube cone", "sphere cube cone\sphere cube cone.csproj", "{0229BF2E-8B47-446C-A4BF-AC9B7A7F0138}"
EndProject
Global
	GlobalSection(SolutionConfigurationPlatforms) = preSolution
		Debug|Any CPU = Debug|Any CPU
		Release|Any CPU = Release|Any CPU
	EndGlobalSection
	GlobalSection(ProjectConfigurationPlatforms) = postSolution
		{0229BF2E-8B47-446C-A4BF-AC9B7A7F0138}.Debug|Any CPU.ActiveCfg = Debug|Any CPU
		{0229BF2E-8B47-446C-A4BF-AC9B7A7F0138}.Debug|Any CPU.Build.0 = Debug|Any CPU
		{0229BF2E-8B47-446C-A4BF-AC9B7A7F0138}.Release|Any CPU.ActiveCfg = Release|Any CPU
		{0229BF2E-8B47-446C-A4BF-AC9B7A7F0138}.Release|Any CPU.Build.0 = Release|Any CPU
	EndGlobalSection
	GlobalSection(SolutionProperties) = preSolution
		HideSolutionNode = FALSE
	EndGlobalSection
	GlobalSection(ExtensibilityGlobals) = postSolution
		SolutionGuid = {D8105D10-B682-477B-B27D-704D2D8A37DD}
	EndGlobalSection
EndGlobal
